
Microsoft Visual Studio Solution File, Format Version 12.00
# Visual Studio Version 16
VisualStudioVersion = 16.0.28729.10
MinimumVisualStudioVersion = 10.0.40219.1
Project("{8BC9CEB8-8B4A-11D0-8D11-00A0C91BC942}") = "MemoryPool", "proj_sbp\MemoryPool.vcxproj", "{99950665-1748-4B23-BC20-3F1630D18A7A}"
EndProject
Global
	GlobalSection(SolutionConfigurationPlatforms) = preSolution
		Debug|x64 = Debug|x64
		Debug|x86 = Debug|x86
		DebugNoLog|x64 = DebugNoLog|x64
		DebugNoLog|x86 = DebugNoLog|x86
		Release|x64 = Release|x64
		Release|x86 = Release|x86
	EndGlobalSection
	GlobalSection(ProjectConfigurationPlatforms) = postSolution
		{99950665-1748-4B23-BC20-3F1630D18A7A}.Debug|x64.ActiveCfg = Debug|x64
		{99950665-1748-4B23-BC20-3F1630D18A7A}.Debug|x64.Build.0 = Debug|x64
		{99950665-1748-4B23-BC20-3F1630D18A7A}.Debug|x86.ActiveCfg = Debug|Win32
		{99950665-1748-4B23-BC20-3F1630D18A7A}.Debug|x86.Build.0 = Debug|Win32
		{99950665-1748-4B23-BC20-3F1630D18A7A}.DebugNoLog|x64.ActiveCfg = DebugNoLog|x64
		{99950665-1748-4B23-BC20-3F1630D18A7A}.DebugNoLog|x64.Build.0 = DebugNoLog|x64
		{99950665-1748-4B23-BC20-3F1630D18A7A}.DebugNoLog|x86.ActiveCfg = DebugNoLog|Win32
		{99950665-1748-4B23-BC20-3F1630D18A7A}.DebugNoLog|x86.Build.0 = DebugNoLog|Win32
		{99950665-1748-4B23-BC20-3F1630D18A7A}.Release|x64.ActiveCfg = Release|x64
		{99950665-1748-4B23-BC20-3F1630D18A7A}.Release|x64.Build.0 = Release|x64
		{99950665-1748-4B23-BC20-3F1630D18A7A}.Release|x86.ActiveCfg = Release|Win32
		{99950665-1748-4B23-BC20-3F1630D18A7A}.Release|x86.Build.0 = Release|Win32
	EndGlobalSection
	GlobalSection(SolutionProperties) = preSolution
		HideSolutionNode = FALSE
	EndGlobalSection
	GlobalSection(ExtensibilityGlobals) = postSolution
		SolutionGuid = {168F61D7-0EE1-4F49-A67A-6F214B324DA8}
	EndGlobalSection
EndGlobal
