
Microsoft Visual Studio Solution File, Format Version 12.00
# Visual Studio Version 16
VisualStudioVersion = 16.0.28729.10
MinimumVisualStudioVersion = 10.0.40219.1
Project("{8BC9CEB8-8B4A-11D0-8D11-00A0C91BC942}") = "MemoryPool", "StackBasedPool\MemoryPool.vcxproj", "{99950665-1748-4B23-BC20-3F1630D18A7A}"
EndProject
Project("{8BC9CEB8-8B4A-11D0-8D11-00A0C91BC942}") = "AlignedPool", "AlignedPool\AlignedPool.vcxproj", "{88971CC3-F961-4D0D-A35A-91A8A5B7BA97}"
EndProject
Project("{8BC9CEB8-8B4A-11D0-8D11-00A0C91BC942}") = "HeapBasedPool", "HeapBasedPool\HeapBasedPool.vcxproj", "{053F4028-184D-4BCD-BE7D-0DF754DDE0BA}"
EndProject
Global
	GlobalSection(SolutionConfigurationPlatforms) = preSolution
		Debug|x64 = Debug|x64
		Debug|x86 = Debug|x86
		DebugNoLog|x64 = DebugNoLog|x64
		DebugNoLog|x86 = DebugNoLog|x86
		HeapBasedDebug|x64 = HeapBasedDebug|x64
		HeapBasedDebug|x86 = HeapBasedDebug|x86
		HeapBasedDebugNoLog|x64 = HeapBasedDebugNoLog|x64
		HeapBasedDebugNoLog|x86 = HeapBasedDebugNoLog|x86
		HeapBasedRelease|x64 = HeapBasedRelease|x64
		HeapBasedRelease|x86 = HeapBasedRelease|x86
		Release|x64 = Release|x64
		Release|x86 = Release|x86
	EndGlobalSection
	GlobalSection(ProjectConfigurationPlatforms) = postSolution
		{99950665-1748-4B23-BC20-3F1630D18A7A}.Debug|x64.ActiveCfg = Debug|x64
		{99950665-1748-4B23-BC20-3F1630D18A7A}.Debug|x86.ActiveCfg = Debug|Win32
		{99950665-1748-4B23-BC20-3F1630D18A7A}.DebugNoLog|x64.ActiveCfg = DebugNoLog|x64
		{99950665-1748-4B23-BC20-3F1630D18A7A}.DebugNoLog|x86.ActiveCfg = DebugNoLog|Win32
		{99950665-1748-4B23-BC20-3F1630D18A7A}.HeapBasedDebug|x64.ActiveCfg = Debug|x64
		{99950665-1748-4B23-BC20-3F1630D18A7A}.HeapBasedDebug|x86.ActiveCfg = Debug|Win32
		{99950665-1748-4B23-BC20-3F1630D18A7A}.HeapBasedDebugNoLog|x64.ActiveCfg = DebugNoLog|x64
		{99950665-1748-4B23-BC20-3F1630D18A7A}.HeapBasedDebugNoLog|x86.ActiveCfg = DebugNoLog|Win32
		{99950665-1748-4B23-BC20-3F1630D18A7A}.HeapBasedRelease|x64.ActiveCfg = Release|x64
		{99950665-1748-4B23-BC20-3F1630D18A7A}.HeapBasedRelease|x86.ActiveCfg = Release|Win32
		{99950665-1748-4B23-BC20-3F1630D18A7A}.Release|x64.ActiveCfg = Release|x64
		{99950665-1748-4B23-BC20-3F1630D18A7A}.Release|x86.ActiveCfg = Release|Win32
		{88971CC3-F961-4D0D-A35A-91A8A5B7BA97}.Debug|x64.ActiveCfg = Debug|x64
		{88971CC3-F961-4D0D-A35A-91A8A5B7BA97}.Debug|x64.Build.0 = Debug|x64
		{88971CC3-F961-4D0D-A35A-91A8A5B7BA97}.Debug|x86.ActiveCfg = Debug|Win32
		{88971CC3-F961-4D0D-A35A-91A8A5B7BA97}.DebugNoLog|x64.ActiveCfg = DebugNoLog|x64
		{88971CC3-F961-4D0D-A35A-91A8A5B7BA97}.DebugNoLog|x64.Build.0 = DebugNoLog|x64
		{88971CC3-F961-4D0D-A35A-91A8A5B7BA97}.DebugNoLog|x86.ActiveCfg = DebugNoLog|Win32
		{88971CC3-F961-4D0D-A35A-91A8A5B7BA97}.HeapBasedDebug|x64.ActiveCfg = HeapBasedDebug|x64
		{88971CC3-F961-4D0D-A35A-91A8A5B7BA97}.HeapBasedDebug|x64.Build.0 = HeapBasedDebug|x64
		{88971CC3-F961-4D0D-A35A-91A8A5B7BA97}.HeapBasedDebug|x86.ActiveCfg = HeapBasedDebug|Win32
		{88971CC3-F961-4D0D-A35A-91A8A5B7BA97}.HeapBasedDebug|x86.Build.0 = HeapBasedDebug|Win32
		{88971CC3-F961-4D0D-A35A-91A8A5B7BA97}.HeapBasedDebugNoLog|x64.ActiveCfg = HeapBasedDebugNoLog|x64
		{88971CC3-F961-4D0D-A35A-91A8A5B7BA97}.HeapBasedDebugNoLog|x64.Build.0 = HeapBasedDebugNoLog|x64
		{88971CC3-F961-4D0D-A35A-91A8A5B7BA97}.HeapBasedDebugNoLog|x86.ActiveCfg = HeapBasedDebugNoLog|Win32
		{88971CC3-F961-4D0D-A35A-91A8A5B7BA97}.HeapBasedDebugNoLog|x86.Build.0 = HeapBasedDebugNoLog|Win32
		{88971CC3-F961-4D0D-A35A-91A8A5B7BA97}.HeapBasedRelease|x64.ActiveCfg = HeapBasedRelease|x64
		{88971CC3-F961-4D0D-A35A-91A8A5B7BA97}.HeapBasedRelease|x64.Build.0 = HeapBasedRelease|x64
		{88971CC3-F961-4D0D-A35A-91A8A5B7BA97}.HeapBasedRelease|x86.ActiveCfg = HeapBasedRelease|Win32
		{88971CC3-F961-4D0D-A35A-91A8A5B7BA97}.HeapBasedRelease|x86.Build.0 = HeapBasedRelease|Win32
		{88971CC3-F961-4D0D-A35A-91A8A5B7BA97}.Release|x64.ActiveCfg = Release|x64
		{88971CC3-F961-4D0D-A35A-91A8A5B7BA97}.Release|x64.Build.0 = Release|x64
		{88971CC3-F961-4D0D-A35A-91A8A5B7BA97}.Release|x86.ActiveCfg = Release|Win32
		{053F4028-184D-4BCD-BE7D-0DF754DDE0BA}.Debug|x64.ActiveCfg = Debug|x64
		{053F4028-184D-4BCD-BE7D-0DF754DDE0BA}.Debug|x64.Build.0 = Debug|x64
		{053F4028-184D-4BCD-BE7D-0DF754DDE0BA}.Debug|x86.ActiveCfg = Debug|Win32
		{053F4028-184D-4BCD-BE7D-0DF754DDE0BA}.Debug|x86.Build.0 = Debug|Win32
		{053F4028-184D-4BCD-BE7D-0DF754DDE0BA}.DebugNoLog|x64.ActiveCfg = DebugNoLog|x64
		{053F4028-184D-4BCD-BE7D-0DF754DDE0BA}.DebugNoLog|x64.Build.0 = DebugNoLog|x64
		{053F4028-184D-4BCD-BE7D-0DF754DDE0BA}.DebugNoLog|x86.ActiveCfg = DebugNoLog|Win32
		{053F4028-184D-4BCD-BE7D-0DF754DDE0BA}.DebugNoLog|x86.Build.0 = DebugNoLog|Win32
		{053F4028-184D-4BCD-BE7D-0DF754DDE0BA}.HeapBasedDebug|x64.ActiveCfg = HeapBasedDebug|x64
		{053F4028-184D-4BCD-BE7D-0DF754DDE0BA}.HeapBasedDebug|x64.Build.0 = HeapBasedDebug|x64
		{053F4028-184D-4BCD-BE7D-0DF754DDE0BA}.HeapBasedDebug|x86.ActiveCfg = HeapBasedDebug|Win32
		{053F4028-184D-4BCD-BE7D-0DF754DDE0BA}.HeapBasedDebug|x86.Build.0 = HeapBasedDebug|Win32
		{053F4028-184D-4BCD-BE7D-0DF754DDE0BA}.HeapBasedDebugNoLog|x64.ActiveCfg = HeapBasedDebugNoLog|x64
		{053F4028-184D-4BCD-BE7D-0DF754DDE0BA}.HeapBasedDebugNoLog|x64.Build.0 = HeapBasedDebugNoLog|x64
		{053F4028-184D-4BCD-BE7D-0DF754DDE0BA}.HeapBasedDebugNoLog|x86.ActiveCfg = HeapBasedDebugNoLog|Win32
		{053F4028-184D-4BCD-BE7D-0DF754DDE0BA}.HeapBasedDebugNoLog|x86.Build.0 = HeapBasedDebugNoLog|Win32
		{053F4028-184D-4BCD-BE7D-0DF754DDE0BA}.HeapBasedRelease|x64.ActiveCfg = HeapBasedRelease|x64
		{053F4028-184D-4BCD-BE7D-0DF754DDE0BA}.HeapBasedRelease|x64.Build.0 = HeapBasedRelease|x64
		{053F4028-184D-4BCD-BE7D-0DF754DDE0BA}.HeapBasedRelease|x86.ActiveCfg = HeapBasedRelease|Win32
		{053F4028-184D-4BCD-BE7D-0DF754DDE0BA}.HeapBasedRelease|x86.Build.0 = HeapBasedRelease|Win32
		{053F4028-184D-4BCD-BE7D-0DF754DDE0BA}.Release|x64.ActiveCfg = Release|x64
		{053F4028-184D-4BCD-BE7D-0DF754DDE0BA}.Release|x64.Build.0 = Release|x64
		{053F4028-184D-4BCD-BE7D-0DF754DDE0BA}.Release|x86.ActiveCfg = Release|Win32
		{053F4028-184D-4BCD-BE7D-0DF754DDE0BA}.Release|x86.Build.0 = Release|Win32
	EndGlobalSection
	GlobalSection(SolutionProperties) = preSolution
		HideSolutionNode = FALSE
	EndGlobalSection
	GlobalSection(ExtensibilityGlobals) = postSolution
		SolutionGuid = {168F61D7-0EE1-4F49-A67A-6F214B324DA8}
	EndGlobalSection
EndGlobal
